
Microsoft Visual Studio Solution File, Format Version 12.00
# Visual Studio Version 17
VisualStudioVersion = 17.14.36414.22 d17.14
MinimumVisualStudioVersion = 10.0.40219.1
Project("{FAE04EC0-301F-11D3-BF4B-00C04F79EFBC}") = "VikunjaHook", "VikunjaHook\VikunjaHook.csproj", "{81AD0368-22D7-4A3D-A995-1D21D1E8E4ED}"
EndProject
Global
	GlobalSection(SolutionConfigurationPlatforms) = preSolution
		Debug|Any CPU = Debug|Any CPU
		Release|Any CPU = Release|Any CPU
	EndGlobalSection
	GlobalSection(ProjectConfigurationPlatforms) = postSolution
		{81AD0368-22D7-4A3D-A995-1D21D1E8E4ED}.Debug|Any CPU.ActiveCfg = Debug|Any CPU
		{81AD0368-22D7-4A3D-A995-1D21D1E8E4ED}.Debug|Any CPU.Build.0 = Debug|Any CPU
		{81AD0368-22D7-4A3D-A995-1D21D1E8E4ED}.Release|Any CPU.ActiveCfg = Release|Any CPU
		{81AD0368-22D7-4A3D-A995-1D21D1E8E4ED}.Release|Any CPU.Build.0 = Release|Any CPU
	EndGlobalSection
	GlobalSection(SolutionProperties) = preSolution
		HideSolutionNode = FALSE
	EndGlobalSection
	GlobalSection(ExtensibilityGlobals) = postSolution
		SolutionGuid = {8EBB9BE8-6519-4E7F-ABD7-07941728A63E}
	EndGlobalSection
EndGlobal
